
Microsoft Visual Studio Solution File, Format Version 12.00
# Visual Studio 15
VisualStudioVersion = 15.0.27004.2009
MinimumVisualStudioVersion = 10.0.40219.1
Project("{8BC9CEB8-8B4A-11D0-8D11-00A0C91BC942}") = "test", "project\test\test.vcxproj", "{A9FBD9F5-4DF5-4A4F-893D-FFE9371E1197}"
	ProjectSection(ProjectDependencies) = postProject
		{EE3DA08E-77F3-4A72-9187-88AEC9765EBB} = {EE3DA08E-77F3-4A72-9187-88AEC9765EBB}
	EndProjectSection
EndProject
Project("{8BC9CEB8-8B4A-11D0-8D11-00A0C91BC942}") = "core", "project\core\core.vcxproj", "{EE3DA08E-77F3-4A72-9187-88AEC9765EBB}"
EndProject
Project("{8BC9CEB8-8B4A-11D0-8D11-00A0C91BC942}") = "Puller", "project\qt\Puller\Puller.vcxproj", "{B12702AD-ABFB-343A-A199-8E24837244A3}"
	ProjectSection(ProjectDependencies) = postProject
		{EE3DA08E-77F3-4A72-9187-88AEC9765EBB} = {EE3DA08E-77F3-4A72-9187-88AEC9765EBB}
	EndProjectSection
EndProject
Global
	GlobalSection(SolutionConfigurationPlatforms) = preSolution
		Debug|x64 = Debug|x64
		Debug|x86 = Debug|x86
		Release|x64 = Release|x64
		Release|x86 = Release|x86
	EndGlobalSection
	GlobalSection(ProjectConfigurationPlatforms) = postSolution
		{A9FBD9F5-4DF5-4A4F-893D-FFE9371E1197}.Debug|x64.ActiveCfg = Debug|x64
		{A9FBD9F5-4DF5-4A4F-893D-FFE9371E1197}.Debug|x64.Build.0 = Debug|x64
		{A9FBD9F5-4DF5-4A4F-893D-FFE9371E1197}.Debug|x86.ActiveCfg = Debug|Win32
		{A9FBD9F5-4DF5-4A4F-893D-FFE9371E1197}.Debug|x86.Build.0 = Debug|Win32
		{A9FBD9F5-4DF5-4A4F-893D-FFE9371E1197}.Release|x64.ActiveCfg = Release|x64
		{A9FBD9F5-4DF5-4A4F-893D-FFE9371E1197}.Release|x64.Build.0 = Release|x64
		{A9FBD9F5-4DF5-4A4F-893D-FFE9371E1197}.Release|x86.ActiveCfg = Release|Win32
		{A9FBD9F5-4DF5-4A4F-893D-FFE9371E1197}.Release|x86.Build.0 = Release|Win32
		{EE3DA08E-77F3-4A72-9187-88AEC9765EBB}.Debug|x64.ActiveCfg = Debug|x64
		{EE3DA08E-77F3-4A72-9187-88AEC9765EBB}.Debug|x64.Build.0 = Debug|x64
		{EE3DA08E-77F3-4A72-9187-88AEC9765EBB}.Debug|x86.ActiveCfg = Debug|Win32
		{EE3DA08E-77F3-4A72-9187-88AEC9765EBB}.Debug|x86.Build.0 = Debug|Win32
		{EE3DA08E-77F3-4A72-9187-88AEC9765EBB}.Release|x64.ActiveCfg = Release|x64
		{EE3DA08E-77F3-4A72-9187-88AEC9765EBB}.Release|x64.Build.0 = Release|x64
		{EE3DA08E-77F3-4A72-9187-88AEC9765EBB}.Release|x86.ActiveCfg = Release|Win32
		{EE3DA08E-77F3-4A72-9187-88AEC9765EBB}.Release|x86.Build.0 = Release|Win32
		{B12702AD-ABFB-343A-A199-8E24837244A3}.Debug|x64.ActiveCfg = Debug|x64
		{B12702AD-ABFB-343A-A199-8E24837244A3}.Debug|x64.Build.0 = Debug|x64
		{B12702AD-ABFB-343A-A199-8E24837244A3}.Debug|x86.ActiveCfg = Debug|Win32
		{B12702AD-ABFB-343A-A199-8E24837244A3}.Debug|x86.Build.0 = Debug|Win32
		{B12702AD-ABFB-343A-A199-8E24837244A3}.Release|x64.ActiveCfg = Release|x64
		{B12702AD-ABFB-343A-A199-8E24837244A3}.Release|x64.Build.0 = Release|x64
		{B12702AD-ABFB-343A-A199-8E24837244A3}.Release|x86.ActiveCfg = Release|x64
	EndGlobalSection
	GlobalSection(SolutionProperties) = preSolution
		HideSolutionNode = FALSE
	EndGlobalSection
	GlobalSection(ExtensibilityGlobals) = postSolution
		SolutionGuid = {3D673972-2E37-444C-8A4B-53648096F404}
	EndGlobalSection
EndGlobal
